
Microsoft Visual Studio Solution File, Format Version 12.00
# Visual Studio Version 16
VisualStudioVersion = 16.0.31613.86
MinimumVisualStudioVersion = 10.0.40219.1
Project("{FAE04EC0-301F-11D3-BF4B-00C04F79EFBC}") = "Day2WebApi", "Day2WebApi\Day2WebApi.csproj", "{CBAD2CBA-6A3A-40F2-8E80-7AF7A2110865}"
EndProject
Global
	GlobalSection(SolutionConfigurationPlatforms) = preSolution
		Debug|Any CPU = Debug|Any CPU
		Release|Any CPU = Release|Any CPU
	EndGlobalSection
	GlobalSection(ProjectConfigurationPlatforms) = postSolution
		{CBAD2CBA-6A3A-40F2-8E80-7AF7A2110865}.Debug|Any CPU.ActiveCfg = Debug|Any CPU
		{CBAD2CBA-6A3A-40F2-8E80-7AF7A2110865}.Debug|Any CPU.Build.0 = Debug|Any CPU
		{CBAD2CBA-6A3A-40F2-8E80-7AF7A2110865}.Release|Any CPU.ActiveCfg = Release|Any CPU
		{CBAD2CBA-6A3A-40F2-8E80-7AF7A2110865}.Release|Any CPU.Build.0 = Release|Any CPU
	EndGlobalSection
	GlobalSection(SolutionProperties) = preSolution
		HideSolutionNode = FALSE
	EndGlobalSection
	GlobalSection(ExtensibilityGlobals) = postSolution
		SolutionGuid = {E9D3D682-305C-4D56-82E5-CAE34EAA3486}
	EndGlobalSection
EndGlobal
